{
  "originHash" : "5d7cd714d3467c602dc957fe0de2ee39e8ff506582cd0f6ce338011e0848f9fd",
  "pins" : [
    {
      "identity" : "grdb.swift",
      "kind" : "remoteSourceControl",
      "location" : "https://github.com/groue/GRDB.swift.git",
      "state" : {
        "branch" : "master",
        "revision" : "3ecb5c54553559217592d21a6d9841becb891b38"
      }
    },
    {
      "identity" : "grdbquery",
      "kind" : "remoteSourceControl",
      "location" : "https://github.com/groue/GRDBQuery",
      "state" : {
        "revision" : "f279a57b7ba5749c05d347751a2f572f8759a7d2",
        "version" : "0.10.1"
      }
    }
  ],
  "version" : 3
}
